PODS:
  - CryptoSwift (0.2.3)
  - SwiftDDP (0.2.1):
    - CryptoSwift
    - SwiftWebSocket
    - XCGLogger
  - SwiftWebSocket (2.5.0)
  - XCGLogger (3.2)

DEPENDENCIES:
  - SwiftDDP (~> 0.2.0)
  - XCGLogger

SPEC CHECKSUMS:
  CryptoSwift: b2bf37b8e7cc6d682ef3365cb966bc5ae5174aa5
  SwiftDDP: da4fccd2b816e164d7be364f7c1ac92591f9c284
  SwiftWebSocket: 168cbde980dc3b5bac925a3d8186f82b3e87768e
  XCGLogger: da1f341f4bb8979db6e1df64232f04d9698402d4

COCOAPODS: 0.39.0
