// !$*UTF8*$!
{
	archiveVersion = 1;
	classes = {
	};
	objectVersion = 46;
	objects = {

/* Begin PBXBuildFile section */
		412431881C6D07D8007A7E81 /* PresenterDelegate.swift in Sources */ = {isa = PBXBuildFile; fileRef = 412431871C6D07D8007A7E81 /* PresenterDelegate.swift */; };
		4124318A1C6D08F0007A7E81 /* TrackerDelegate.swift in Sources */ = {isa = PBXBuildFile; fileRef = 412431891C6D08F0007A7E81 /* TrackerDelegate.swift */; };
		415BBA2F1C69EA770014F6FC /* AppDelegate.swift in Sources */ = {isa = PBXBuildFile; fileRef = 415BBA2E1C69EA770014F6FC /* AppDelegate.swift */; };
		415BBA441C69EA770014F6FC /* MindItTests.swift in Sources */ = {isa = PBXBuildFile; fileRef = 415BBA431C69EA770014F6FC /* MindItTests.swift */; };
		415BBA4F1C69EA770014F6FC /* MindItUITests.swift in Sources */ = {isa = PBXBuildFile; fileRef = 415BBA4E1C69EA770014F6FC /* MindItUITests.swift */; };
		415BBA5E1C69EBBC0014F6FC /* TableViewPresenter.swift in Sources */ = {isa = PBXBuildFile; fileRef = 415BBA5D1C69EBBC0014F6FC /* TableViewPresenter.swift */; };
		415BBA621C69EC0E0014F6FC /* MindmapTableViewController.swift in Sources */ = {isa = PBXBuildFile; fileRef = 415BBA611C69EC0E0014F6FC /* MindmapTableViewController.swift */; };
		415BBA641C69EC570014F6FC /* HomeViewController.swift in Sources */ = {isa = PBXBuildFile; fileRef = 415BBA631C69EC570014F6FC /* HomeViewController.swift */; };
		415BBA691C69ECDA0014F6FC /* MeteorTracker.swift in Sources */ = {isa = PBXBuildFile; fileRef = 415BBA681C69ECDA0014F6FC /* MeteorTracker.swift */; };
		415BBA6B1C69ECFE0014F6FC /* Node.swift in Sources */ = {isa = PBXBuildFile; fileRef = 415BBA6A1C69ECFE0014F6FC /* Node.swift */; };
		415BBA6D1C69EE2D0014F6FC /* Main.storyboard in Resources */ = {isa = PBXBuildFile; fileRef = 415BBA6C1C69EE2D0014F6FC /* Main.storyboard */; };
		415BBA6F1C69EED80014F6FC /* LaunchScreen.storyboard in Resources */ = {isa = PBXBuildFile; fileRef = 415BBA6E1C69EED80014F6FC /* LaunchScreen.storyboard */; };
		4181518E1C6B347B0021B86C /* Config.swift in Sources */ = {isa = PBXBuildFile; fileRef = 4181518D1C6B347B0021B86C /* Config.swift */; };
		418EFACD1C74739400F053FD /* TreeBuilderDelegate.swift in Sources */ = {isa = PBXBuildFile; fileRef = 418EFACC1C74739400F053FD /* TreeBuilderDelegate.swift */; };
		4193011A1C701F7000E0A69B /* CollectionDelegate.swift in Sources */ = {isa = PBXBuildFile; fileRef = 419301191C701F7000E0A69B /* CollectionDelegate.swift */; };
		419D58D51C6DE5F40043FC29 /* TreeBuilder.swift in Sources */ = {isa = PBXBuildFile; fileRef = 419D58D41C6DE5F40043FC29 /* TreeBuilder.swift */; };
		41A763671C72E8A10097326A /* Loader.xib in Resources */ = {isa = PBXBuildFile; fileRef = 41A763661C72E8A10097326A /* Loader.xib */; };
		41A763691C72E90E0097326A /* Loader.swift in Sources */ = {isa = PBXBuildFile; fileRef = 41A763681C72E90E0097326A /* Loader.swift */; };
		41AE17BC1C69FBEB002A74D1 /* NodeViewCell.swift in Sources */ = {isa = PBXBuildFile; fileRef = 41AE17BB1C69FBEB002A74D1 /* NodeViewCell.swift */; };
		41AE17BE1C6A1349002A74D1 /* MindmapCollection.swift in Sources */ = {isa = PBXBuildFile; fileRef = 41AE17BD1C6A1349002A74D1 /* MindmapCollection.swift */; };
		41EE14D71C6F576D002C702A /* Assets.xcassets in Resources */ = {isa = PBXBuildFile; fileRef = 41EE14D61C6F576D002C702A /* Assets.xcassets */; };
		6D5998851C8E9D27006D505C /* NodeTests.swift in Sources */ = {isa = PBXBuildFile; fileRef = 6D5998841C8E9D27006D505C /* NodeTests.swift */; };
		6D5998871C8EA4DB006D505C /* MeteorTrackerTests.swift in Sources */ = {isa = PBXBuildFile; fileRef = 6D5998861C8EA4DB006D505C /* MeteorTrackerTests.swift */; };
		A0D529A9DAB864154128F6B8 /* Pods_MindIt.framework in Frameworks */ = {isa = PBXBuildFile; fileRef = 455BB334644BE49B48786465 /* Pods_MindIt.framework */; };
/* End PBXBuildFile section */

/* Begin PBXContainerItemProxy section */
		415BBA401C69EA770014F6FC /* PBXContainerItemProxy */ = {
			isa = PBXContainerItemProxy;
			containerPortal = 415BBA231C69EA770014F6FC /* Project object */;
			proxyType = 1;
			remoteGlobalIDString = 415BBA2A1C69EA770014F6FC;
			remoteInfo = MindIt;
		};
		415BBA4B1C69EA770014F6FC /* PBXContainerItemProxy */ = {
			isa = PBXContainerItemProxy;
			containerPortal = 415BBA231C69EA770014F6FC /* Project object */;
			proxyType = 1;
			remoteGlobalIDString = 415BBA2A1C69EA770014F6FC;
			remoteInfo = MindIt;
		};
/* End PBXContainerItemProxy section */

/* Begin PBXFileReference section */
		3C7B4861459609F3CE9F7F9E /* Pods-MindIt.debug.xcconfig */ = {isa = PBXFileReference; includeInIndex = 1; lastKnownFileType = text.xcconfig; name = "Pods-MindIt.debug.xcconfig"; path = "Pods/Target Support Files/Pods-MindIt/Pods-MindIt.debug.xcconfig"; sourceTree = "<group>"; };
		412431871C6D07D8007A7E81 /* PresenterDelegate.swift */ = {isa = PBXFileReference; fileEncoding = 4; lastKnownFileType = sourcecode.swift; path = PresenterDelegate.swift; sourceTree = "<group>"; };
		412431891C6D08F0007A7E81 /* TrackerDelegate.swift */ = {isa = PBXFileReference; fileEncoding = 4; lastKnownFileType = sourcecode.swift; path = TrackerDelegate.swift; sourceTree = "<group>"; };
		415BBA2B1C69EA770014F6FC /* MindIt.app */ = {isa = PBXFileReference; explicitFileType = wrapper.application; includeInIndex = 0; path = MindIt.app; sourceTree = BUILT_PRODUCTS_DIR; };
		415BBA2E1C69EA770014F6FC /* AppDelegate.swift */ = {isa = PBXFileReference; lastKnownFileType = sourcecode.swift; path = AppDelegate.swift; sourceTree = "<group>"; };
		415BBA3A1C69EA770014F6FC /* Info.plist */ = {isa = PBXFileReference; lastKnownFileType = text.plist.xml; path = Info.plist; sourceTree = "<group>"; };
		415BBA3F1C69EA770014F6FC /* MindItTests.xctest */ = {isa = PBXFileReference; explicitFileType = wrapper.cfbundle; includeInIndex = 0; path = MindItTests.xctest; sourceTree = BUILT_PRODUCTS_DIR; };
		415BBA431C69EA770014F6FC /* MindItTests.swift */ = {isa = PBXFileReference; lastKnownFileType = sourcecode.swift; path = MindItTests.swift; sourceTree = "<group>"; };
		415BBA451C69EA770014F6FC /* Info.plist */ = {isa = PBXFileReference; lastKnownFileType = text.plist.xml; path = Info.plist; sourceTree = "<group>"; };
		415BBA4A1C69EA770014F6FC /* MindItUITests.xctest */ = {isa = PBXFileReference; explicitFileType = wrapper.cfbundle; includeInIndex = 0; path = MindItUITests.xctest; sourceTree = BUILT_PRODUCTS_DIR; };
		415BBA4E1C69EA770014F6FC /* MindItUITests.swift */ = {isa = PBXFileReference; lastKnownFileType = sourcecode.swift; path = MindItUITests.swift; sourceTree = "<group>"; };
		415BBA501C69EA770014F6FC /* Info.plist */ = {isa = PBXFileReference; lastKnownFileType = text.plist.xml; path = Info.plist; sourceTree = "<group>"; };
		415BBA5D1C69EBBC0014F6FC /* TableViewPresenter.swift */ = {isa = PBXFileReference; fileEncoding = 4; lastKnownFileType = sourcecode.swift; path = TableViewPresenter.swift; sourceTree = "<group>"; };
		415BBA611C69EC0E0014F6FC /* MindmapTableViewController.swift */ = {isa = PBXFileReference; fileEncoding = 4; lastKnownFileType = sourcecode.swift; path = MindmapTableViewController.swift; sourceTree = "<group>"; };
		415BBA631C69EC570014F6FC /* HomeViewController.swift */ = {isa = PBXFileReference; fileEncoding = 4; lastKnownFileType = sourcecode.swift; path = HomeViewController.swift; sourceTree = "<group>"; };
		415BBA681C69ECDA0014F6FC /* MeteorTracker.swift */ = {isa = PBXFileReference; fileEncoding = 4; lastKnownFileType = sourcecode.swift; path = MeteorTracker.swift; sourceTree = "<group>"; };
		415BBA6A1C69ECFE0014F6FC /* Node.swift */ = {isa = PBXFileReference; fileEncoding = 4; lastKnownFileType = sourcecode.swift; path = Node.swift; sourceTree = "<group>"; };
		415BBA6C1C69EE2D0014F6FC /* Main.storyboard */ = {isa = PBXFileReference; fileEncoding = 4; lastKnownFileType = file.storyboard; path = Main.storyboard; sourceTree = "<group>"; };
		415BBA6E1C69EED80014F6FC /* LaunchScreen.storyboard */ = {isa = PBXFileReference; fileEncoding = 4; lastKnownFileType = file.storyboard; path = LaunchScreen.storyboard; sourceTree = "<group>"; };
		4181518D1C6B347B0021B86C /* Config.swift */ = {isa = PBXFileReference; fileEncoding = 4; lastKnownFileType = sourcecode.swift; path = Config.swift; sourceTree = "<group>"; };
		418EFACC1C74739400F053FD /* TreeBuilderDelegate.swift */ = {isa = PBXFileReference; fileEncoding = 4; lastKnownFileType = sourcecode.swift; path = TreeBuilderDelegate.swift; sourceTree = "<group>"; };
		419301191C701F7000E0A69B /* CollectionDelegate.swift */ = {isa = PBXFileReference; fileEncoding = 4; lastKnownFileType = sourcecode.swift; path = CollectionDelegate.swift; sourceTree = "<group>"; };
		419D58D41C6DE5F40043FC29 /* TreeBuilder.swift */ = {isa = PBXFileReference; fileEncoding = 4; lastKnownFileType = sourcecode.swift; path = TreeBuilder.swift; sourceTree = "<group>"; };
		41A763661C72E8A10097326A /* Loader.xib */ = {isa = PBXFileReference; fileEncoding = 4; lastKnownFileType = file.xib; name = Loader.xib; path = Resources/Loader.xib; sourceTree = "<group>"; };
		41A763681C72E90E0097326A /* Loader.swift */ = {isa = PBXFileReference; fileEncoding = 4; lastKnownFileType = sourcecode.swift; name = Loader.swift; path = View/Loader.swift; sourceTree = "<group>"; };
		41AE17BB1C69FBEB002A74D1 /* NodeViewCell.swift */ = {isa = PBXFileReference; fileEncoding = 4; lastKnownFileType = sourcecode.swift; path = NodeViewCell.swift; sourceTree = "<group>"; };
		41AE17BD1C6A1349002A74D1 /* MindmapCollection.swift */ = {isa = PBXFileReference; fileEncoding = 4; lastKnownFileType = sourcecode.swift; path = MindmapCollection.swift; sourceTree = "<group>"; };
		41EE14D61C6F576D002C702A /* Assets.xcassets */ = {isa = PBXFileReference; lastKnownFileType = folder.assetcatalog; path = Assets.xcassets; sourceTree = "<group>"; };
		455BB334644BE49B48786465 /* Pods_MindIt.framework */ = {isa = PBXFileReference; explicitFileType = wrapper.framework; includeInIndex = 0; path = Pods_MindIt.framework; sourceTree = BUILT_PRODUCTS_DIR; };
		6D5998841C8E9D27006D505C /* NodeTests.swift */ = {isa = PBXFileReference; fileEncoding = 4; lastKnownFileType = sourcecode.swift; path = NodeTests.swift; sourceTree = "<group>"; };
		6D5998861C8EA4DB006D505C /* MeteorTrackerTests.swift */ = {isa = PBXFileReference; fileEncoding = 4; lastKnownFileType = sourcecode.swift; path = MeteorTrackerTests.swift; sourceTree = "<group>"; };
		7CC88581C3DFDD755438F9DC /* Pods-MindIt.release.xcconfig */ = {isa = PBXFileReference; includeInIndex = 1; lastKnownFileType = text.xcconfig; name = "Pods-MindIt.release.xcconfig"; path = "Pods/Target Support Files/Pods-MindIt/Pods-MindIt.release.xcconfig"; sourceTree = "<group>"; };
/* End PBXFileReference section */

/* Begin PBXFrameworksBuildPhase section */
		415BBA281C69EA770014F6FC /* Frameworks */ = {
			isa = PBXFrameworksBuildPhase;
			buildActionMask = 2147483647;
			files = (
				A0D529A9DAB864154128F6B8 /* Pods_MindIt.framework in Frameworks */,
			);
			runOnlyForDeploymentPostprocessing = 0;
		};
		415BBA3C1C69EA770014F6FC /* Frameworks */ = {
			isa = PBXFrameworksBuildPhase;
			buildActionMask = 2147483647;
			files = (
			);
			runOnlyForDeploymentPostprocessing = 0;
		};
		415BBA471C69EA770014F6FC /* Frameworks */ = {
			isa = PBXFrameworksBuildPhase;
			buildActionMask = 2147483647;
			files = (
			);
			runOnlyForDeploymentPostprocessing = 0;
		};
/* End PBXFrameworksBuildPhase section */

/* Begin PBXGroup section */
		2B2C2F0DF67205A5EB9977F0 /* Frameworks */ = {
			isa = PBXGroup;
			children = (
				455BB334644BE49B48786465 /* Pods_MindIt.framework */,
			);
			name = Frameworks;
			sourceTree = "<group>";
		};
		415BBA221C69EA770014F6FC = {
			isa = PBXGroup;
			children = (
				415BBA2D1C69EA770014F6FC /* MindIt */,
				415BBA421C69EA770014F6FC /* MindItTests */,
				415BBA4D1C69EA770014F6FC /* MindItUITests */,
				415BBA2C1C69EA770014F6FC /* Products */,
				629CDB4556B2897A9E08B442 /* Pods */,
				2B2C2F0DF67205A5EB9977F0 /* Frameworks */,
			);
			sourceTree = "<group>";
		};
		415BBA2C1C69EA770014F6FC /* Products */ = {
			isa = PBXGroup;
			children = (
				415BBA2B1C69EA770014F6FC /* MindIt.app */,
				415BBA3F1C69EA770014F6FC /* MindItTests.xctest */,
				415BBA4A1C69EA770014F6FC /* MindItUITests.xctest */,
			);
			name = Products;
			sourceTree = "<group>";
		};
		415BBA2D1C69EA770014F6FC /* MindIt */ = {
			isa = PBXGroup;
			children = (
				41A763651C72E85D0097326A /* Resources */,
				415BBA651C69EC9C0014F6FC /* model */,
				415BBA5F1C69EBD70014F6FC /* view */,
				415BBA5C1C69EB870014F6FC /* presenter */,
				415BBA2E1C69EA770014F6FC /* AppDelegate.swift */,
				415BBA3A1C69EA770014F6FC /* Info.plist */,
				4181518D1C6B347B0021B86C /* Config.swift */,
				41EE14D61C6F576D002C702A /* Assets.xcassets */,
			);
			path = MindIt;
			sourceTree = "<group>";
		};
		415BBA421C69EA770014F6FC /* MindItTests */ = {
			isa = PBXGroup;
			children = (
				415BBA431C69EA770014F6FC /* MindItTests.swift */,
				6D5998841C8E9D27006D505C /* NodeTests.swift */,
				415BBA451C69EA770014F6FC /* Info.plist */,
				6D5998861C8EA4DB006D505C /* MeteorTrackerTests.swift */,
			);
			path = MindItTests;
			sourceTree = "<group>";
		};
		415BBA4D1C69EA770014F6FC /* MindItUITests */ = {
			isa = PBXGroup;
			children = (
				415BBA4E1C69EA770014F6FC /* MindItUITests.swift */,
				415BBA501C69EA770014F6FC /* Info.plist */,
			);
			path = MindItUITests;
			sourceTree = "<group>";
		};
		415BBA5C1C69EB870014F6FC /* presenter */ = {
			isa = PBXGroup;
			children = (
				415BBA5D1C69EBBC0014F6FC /* TableViewPresenter.swift */,
				419D58D41C6DE5F40043FC29 /* TreeBuilder.swift */,
				418EFACC1C74739400F053FD /* TreeBuilderDelegate.swift */,
				412431891C6D08F0007A7E81 /* TrackerDelegate.swift */,
			);
			name = presenter;
			sourceTree = "<group>";
		};
		415BBA5F1C69EBD70014F6FC /* view */ = {
			isa = PBXGroup;
			children = (
				415BBA6E1C69EED80014F6FC /* LaunchScreen.storyboard */,
				415BBA6C1C69EE2D0014F6FC /* Main.storyboard */,
				415BBA601C69EBE40014F6FC /* ViewControllers */,
				41A763681C72E90E0097326A /* Loader.swift */,
			);
			name = view;
			sourceTree = "<group>";
		};
		415BBA601C69EBE40014F6FC /* ViewControllers */ = {
			isa = PBXGroup;
			children = (
				415BBA611C69EC0E0014F6FC /* MindmapTableViewController.swift */,
				412431871C6D07D8007A7E81 /* PresenterDelegate.swift */,
				415BBA631C69EC570014F6FC /* HomeViewController.swift */,
				41AE17BB1C69FBEB002A74D1 /* NodeViewCell.swift */,
			);
			name = ViewControllers;
			sourceTree = "<group>";
		};
		415BBA651C69EC9C0014F6FC /* model */ = {
			isa = PBXGroup;
			children = (
				415BBA6A1C69ECFE0014F6FC /* Node.swift */,
				415BBA681C69ECDA0014F6FC /* MeteorTracker.swift */,
				419301191C701F7000E0A69B /* CollectionDelegate.swift */,
				41AE17BD1C6A1349002A74D1 /* MindmapCollection.swift */,
			);
			name = model;
			sourceTree = "<group>";
		};
		41A763651C72E85D0097326A /* Resources */ = {
			isa = PBXGroup;
			children = (
				41A763661C72E8A10097326A /* Loader.xib */,
			);
			name = Resources;
			sourceTree = "<group>";
		};
		629CDB4556B2897A9E08B442 /* Pods */ = {
			isa = PBXGroup;
			children = (
				3C7B4861459609F3CE9F7F9E /* Pods-MindIt.debug.xcconfig */,
				7CC88581C3DFDD755438F9DC /* Pods-MindIt.release.xcconfig */,
			);
			name = Pods;
			sourceTree = "<group>";
		};
/* End PBXGroup section */

/* Begin PBXNativeTarget section */
		415BBA2A1C69EA770014F6FC /* MindIt */ = {
			isa = PBXNativeTarget;
			buildConfigurationList = 415BBA531C69EA770014F6FC /* Build configuration list for PBXNativeTarget "MindIt" */;
			buildPhases = (
				AF268F96B6DB5584CFD13BAB /* Check Pods Manifest.lock */,
				415BBA271C69EA770014F6FC /* Sources */,
				415BBA281C69EA770014F6FC /* Frameworks */,
				415BBA291C69EA770014F6FC /* Resources */,
				202F47E6A57CD8DE793E9A4E /* Embed Pods Frameworks */,
				AE174DDE11022486812C19CA /* Copy Pods Resources */,
			);
			buildRules = (
			);
			dependencies = (
			);
			name = MindIt;
			productName = MindIt;
			productReference = 415BBA2B1C69EA770014F6FC /* MindIt.app */;
			productType = "com.apple.product-type.application";
		};
		415BBA3E1C69EA770014F6FC /* MindItTests */ = {
			isa = PBXNativeTarget;
			buildConfigurationList = 415BBA561C69EA770014F6FC /* Build configuration list for PBXNativeTarget "MindItTests" */;
			buildPhases = (
				415BBA3B1C69EA770014F6FC /* Sources */,
				415BBA3C1C69EA770014F6FC /* Frameworks */,
				415BBA3D1C69EA770014F6FC /* Resources */,
			);
			buildRules = (
			);
			dependencies = (
				415BBA411C69EA770014F6FC /* PBXTargetDependency */,
			);
			name = MindItTests;
			productName = MindItTests;
			productReference = 415BBA3F1C69EA770014F6FC /* MindItTests.xctest */;
			productType = "com.apple.product-type.bundle.unit-test";
		};
		415BBA491C69EA770014F6FC /* MindItUITests */ = {
			isa = PBXNativeTarget;
			buildConfigurationList = 415BBA591C69EA770014F6FC /* Build configuration list for PBXNativeTarget "MindItUITests" */;
			buildPhases = (
				415BBA461C69EA770014F6FC /* Sources */,
				415BBA471C69EA770014F6FC /* Frameworks */,
				415BBA481C69EA770014F6FC /* Resources */,
			);
			buildRules = (
			);
			dependencies = (
				415BBA4C1C69EA770014F6FC /* PBXTargetDependency */,
			);
			name = MindItUITests;
			productName = MindItUITests;
			productReference = 415BBA4A1C69EA770014F6FC /* MindItUITests.xctest */;
			productType = "com.apple.product-type.bundle.ui-testing";
		};
/* End PBXNativeTarget section */

/* Begin PBXProject section */
		415BBA231C69EA770014F6FC /* Project object */ = {
			isa = PBXProject;
			attributes = {
				LastSwiftUpdateCheck = 0720;
				LastUpgradeCheck = 0720;
				ORGANIZATIONNAME = "ThoughtWorks Inc.";
				TargetAttributes = {
					415BBA2A1C69EA770014F6FC = {
						CreatedOnToolsVersion = 7.2;
						DevelopmentTeam = 9HK4QP6364;
					};
					415BBA3E1C69EA770014F6FC = {
						CreatedOnToolsVersion = 7.2;
						DevelopmentTeam = 8523BD9C43;
						TestTargetID = 415BBA2A1C69EA770014F6FC;
					};
					415BBA491C69EA770014F6FC = {
						CreatedOnToolsVersion = 7.2;
						DevelopmentTeam = 8523BD9C43;
						TestTargetID = 415BBA2A1C69EA770014F6FC;
					};
				};
			};
			buildConfigurationList = 415BBA261C69EA770014F6FC /* Build configuration list for PBXProject "MindIt" */;
			compatibilityVersion = "Xcode 3.2";
			developmentRegion = English;
			hasScannedForEncodings = 0;
			knownRegions = (
				en,
				Base,
			);
			mainGroup = 415BBA221C69EA770014F6FC;
			productRefGroup = 415BBA2C1C69EA770014F6FC /* Products */;
			projectDirPath = "";
			projectRoot = "";
			targets = (
				415BBA2A1C69EA770014F6FC /* MindIt */,
				415BBA3E1C69EA770014F6FC /* MindItTests */,
				415BBA491C69EA770014F6FC /* MindItUITests */,
			);
		};
/* End PBXProject section */

/* Begin PBXResourcesBuildPhase section */
		415BBA291C69EA770014F6FC /* Resources */ = {
			isa = PBXResourcesBuildPhase;
			buildActionMask = 2147483647;
			files = (
				415BBA6D1C69EE2D0014F6FC /* Main.storyboard in Resources */,
				41EE14D71C6F576D002C702A /* Assets.xcassets in Resources */,
				41A763671C72E8A10097326A /* Loader.xib in Resources */,
				415BBA6F1C69EED80014F6FC /* LaunchScreen.storyboard in Resources */,
			);
			runOnlyForDeploymentPostprocessing = 0;
		};
		415BBA3D1C69EA770014F6FC /* Resources */ = {
			isa = PBXResourcesBuildPhase;
			buildActionMask = 2147483647;
			files = (
			);
			runOnlyForDeploymentPostprocessing = 0;
		};
		415BBA481C69EA770014F6FC /* Resources */ = {
			isa = PBXResourcesBuildPhase;
			buildActionMask = 2147483647;
			files = (
			);
			runOnlyForDeploymentPostprocessing = 0;
		};
/* End PBXResourcesBuildPhase section */

/* Begin PBXShellScriptBuildPhase section */
		202F47E6A57CD8DE793E9A4E /* Embed Pods Frameworks */ = {
			isa = PBXShellScriptBuildPhase;
			buildActionMask = 2147483647;
			files = (
			);
			inputPaths = (
			);
			name = "Embed Pods Frameworks";
			outputPaths = (
			);
			runOnlyForDeploymentPostprocessing = 0;
			shellPath = /bin/sh;
			shellScript = "\"${SRCROOT}/Pods/Target Support Files/Pods-MindIt/Pods-MindIt-frameworks.sh\"\n";
			showEnvVarsInLog = 0;
		};
		AE174DDE11022486812C19CA /* Copy Pods Resources */ = {
			isa = PBXShellScriptBuildPhase;
			buildActionMask = 2147483647;
			files = (
			);
			inputPaths = (
			);
			name = "Copy Pods Resources";
			outputPaths = (
			);
			runOnlyForDeploymentPostprocessing = 0;
			shellPath = /bin/sh;
			shellScript = "\"${SRCROOT}/Pods/Target Support Files/Pods-MindIt/Pods-MindIt-resources.sh\"\n";
			showEnvVarsInLog = 0;
		};
		AF268F96B6DB5584CFD13BAB /* Check Pods Manifest.lock */ = {
			isa = PBXShellScriptBuildPhase;
			buildActionMask = 2147483647;
			files = (
			);
			inputPaths = (
			);
			name = "Check Pods Manifest.lock";
			outputPaths = (
			);
			runOnlyForDeploymentPostprocessing = 0;
			shellPath = /bin/sh;
			shellScript = "diff \"${PODS_ROOT}/../Podfile.lock\" \"${PODS_ROOT}/Manifest.lock\" > /dev/null\nif [[ $? != 0 ]] ; then\n    cat << EOM\nerror: The sandbox is not in sync with the Podfile.lock. Run 'pod install' or update your CocoaPods installation.\nEOM\n    exit 1\nfi\n";
			showEnvVarsInLog = 0;
		};
/* End PBXShellScriptBuildPhase section */

/* Begin PBXSourcesBuildPhase section */
		415BBA271C69EA770014F6FC /* Sources */ = {
			isa = PBXSourcesBuildPhase;
			buildActionMask = 2147483647;
			files = (
				415BBA621C69EC0E0014F6FC /* MindmapTableViewController.swift in Sources */,
				415BBA5E1C69EBBC0014F6FC /* TableViewPresenter.swift in Sources */,
				41AE17BE1C6A1349002A74D1 /* MindmapCollection.swift in Sources */,
				412431881C6D07D8007A7E81 /* PresenterDelegate.swift in Sources */,
				4193011A1C701F7000E0A69B /* CollectionDelegate.swift in Sources */,
				41AE17BC1C69FBEB002A74D1 /* NodeViewCell.swift in Sources */,
				4181518E1C6B347B0021B86C /* Config.swift in Sources */,
				415BBA2F1C69EA770014F6FC /* AppDelegate.swift in Sources */,
				4124318A1C6D08F0007A7E81 /* TrackerDelegate.swift in Sources */,
				415BBA691C69ECDA0014F6FC /* MeteorTracker.swift in Sources */,
				418EFACD1C74739400F053FD /* TreeBuilderDelegate.swift in Sources */,
				415BBA641C69EC570014F6FC /* HomeViewController.swift in Sources */,
				415BBA6B1C69ECFE0014F6FC /* Node.swift in Sources */,
				41A763691C72E90E0097326A /* Loader.swift in Sources */,
				419D58D51C6DE5F40043FC29 /* TreeBuilder.swift in Sources */,
			);
			runOnlyForDeploymentPostprocessing = 0;
		};
		415BBA3B1C69EA770014F6FC /* Sources */ = {
			isa = PBXSourcesBuildPhase;
			buildActionMask = 2147483647;
			files = (
				415BBA441C69EA770014F6FC /* MindItTests.swift in Sources */,
				6D5998851C8E9D27006D505C /* NodeTests.swift in Sources */,
				6D5998871C8EA4DB006D505C /* MeteorTrackerTests.swift in Sources */,
			);
			runOnlyForDeploymentPostprocessing = 0;
		};
		415BBA461C69EA770014F6FC /* Sources */ = {
			isa = PBXSourcesBuildPhase;
			buildActionMask = 2147483647;
			files = (
				415BBA4F1C69EA770014F6FC /* MindItUITests.swift in Sources */,
			);
			runOnlyForDeploymentPostprocessing = 0;
		};
/* End PBXSourcesBuildPhase section */

/* Begin PBXTargetDependency section */
		415BBA411C69EA770014F6FC /* PBXTargetDependency */ = {
			isa = PBXTargetDependency;
			target = 415BBA2A1C69EA770014F6FC /* MindIt */;
			targetProxy = 415BBA401C69EA770014F6FC /* PBXContainerItemProxy */;
		};
		415BBA4C1C69EA770014F6FC /* PBXTargetDependency */ = {
			isa = PBXTargetDependency;
			target = 415BBA2A1C69EA770014F6FC /* MindIt */;
			targetProxy = 415BBA4B1C69EA770014F6FC /* PBXContainerItemProxy */;
		};
/* End PBXTargetDependency section */

/* Begin XCBuildConfiguration section */
		415BBA511C69EA770014F6FC /* Debug */ = {
			isa = XCBuildConfiguration;
			buildSettings = {
				ALWAYS_SEARCH_USER_PATHS = NO;
				CLANG_CXX_LANGUAGE_STANDARD = "gnu++0x";
				CLANG_CXX_LIBRARY = "libc++";
				CLANG_ENABLE_MODULES = YES;
				CLANG_ENABLE_OBJC_ARC = YES;
				CLANG_WARN_BOOL_CONVERSION = YES;
				CLANG_WARN_CONSTANT_CONVERSION = YES;
				CLANG_WARN_DIRECT_OBJC_ISA_USAGE = YES_ERROR;
				CLANG_WARN_EMPTY_BODY = YES;
				CLANG_WARN_ENUM_CONVERSION = YES;
				CLANG_WARN_INT_CONVERSION = YES;
				CLANG_WARN_OBJC_ROOT_CLASS = YES_ERROR;
				CLANG_WARN_UNREACHABLE_CODE = YES;
				CLANG_WARN__DUPLICATE_METHOD_MATCH = YES;
				"CODE_SIGN_IDENTITY[sdk=iphoneos*]" = "iPhone Developer";
				COPY_PHASE_STRIP = NO;
				DEBUG_INFORMATION_FORMAT = dwarf;
				ENABLE_STRICT_OBJC_MSGSEND = YES;
				ENABLE_TESTABILITY = YES;
				GCC_C_LANGUAGE_STANDARD = gnu99;
				GCC_DYNAMIC_NO_PIC = NO;
				GCC_NO_COMMON_BLOCKS = YES;
				GCC_OPTIMIZATION_LEVEL = 0;
				GCC_PREPROCESSOR_DEFINITIONS = (
					"DEBUG=1",
					"$(inherited)",
				);
				GCC_WARN_64_TO_32_BIT_CONVERSION = YES;
				GCC_WARN_ABOUT_RETURN_TYPE = YES_ERROR;
				GCC_WARN_UNDECLARED_SELECTOR = YES;
				GCC_WARN_UNINITIALIZED_AUTOS = YES_AGGRESSIVE;
				GCC_WARN_UNUSED_FUNCTION = YES;
				GCC_WARN_UNUSED_VARIABLE = YES;
				IPHONEOS_DEPLOYMENT_TARGET = 9.2;
				MTL_ENABLE_DEBUG_INFO = YES;
				ONLY_ACTIVE_ARCH = YES;
				SDKROOT = iphoneos;
				SWIFT_OPTIMIZATION_LEVEL = "-Onone";
				TARGETED_DEVICE_FAMILY = "1,2";
			};
			name = Debug;
		};
		415BBA521C69EA770014F6FC /* Release */ = {
			isa = XCBuildConfiguration;
			buildSettings = {
				ALWAYS_SEARCH_USER_PATHS = NO;
				CLANG_CXX_LANGUAGE_STANDARD = "gnu++0x";
				CLANG_CXX_LIBRARY = "libc++";
				CLANG_ENABLE_MODULES = YES;
				CLANG_ENABLE_OBJC_ARC = YES;
				CLANG_WARN_BOOL_CONVERSION = YES;
				CLANG_WARN_CONSTANT_CONVERSION = YES;
				CLANG_WARN_DIRECT_OBJC_ISA_USAGE = YES_ERROR;
				CLANG_WARN_EMPTY_BODY = YES;
				CLANG_WARN_ENUM_CONVERSION = YES;
				CLANG_WARN_INT_CONVERSION = YES;
				CLANG_WARN_OBJC_ROOT_CLASS = YES_ERROR;
				CLANG_WARN_UNREACHABLE_CODE = YES;
				CLANG_WARN__DUPLICATE_METHOD_MATCH = YES;
				"CODE_SIGN_IDENTITY[sdk=iphoneos*]" = "iPhone Developer";
				COPY_PHASE_STRIP = NO;
				DEBUG_INFORMATION_FORMAT = "dwarf-with-dsym";
				ENABLE_NS_ASSERTIONS = NO;
				ENABLE_STRICT_OBJC_MSGSEND = YES;
				GCC_C_LANGUAGE_STANDARD = gnu99;
				GCC_NO_COMMON_BLOCKS = YES;
				GCC_WARN_64_TO_32_BIT_CONVERSION = YES;
				GCC_WARN_ABOUT_RETURN_TYPE = YES_ERROR;
				GCC_WARN_UNDECLARED_SELECTOR = YES;
				GCC_WARN_UNINITIALIZED_AUTOS = YES_AGGRESSIVE;
				GCC_WARN_UNUSED_FUNCTION = YES;
				GCC_WARN_UNUSED_VARIABLE = YES;
				IPHONEOS_DEPLOYMENT_TARGET = 9.2;
				MTL_ENABLE_DEBUG_INFO = NO;
				SDKROOT = iphoneos;
				TARGETED_DEVICE_FAMILY = "1,2";
				VALIDATE_PRODUCT = YES;
			};
			name = Release;
		};
		415BBA541C69EA770014F6FC /* Debug */ = {
			isa = XCBuildConfiguration;
			baseConfigurationReference = 3C7B4861459609F3CE9F7F9E /* Pods-MindIt.debug.xcconfig */;
			buildSettings = {
				ASSETCATALOG_COMPILER_APPICON_NAME = AppIcon;
				CODE_SIGN_IDENTITY = "iPhone Developer";
				"CODE_SIGN_IDENTITY[sdk=iphoneos*]" = "iPhone Developer";
				ENABLE_TESTABILITY = YES;
				INFOPLIST_FILE = MindIt/Info.plist;
				IPHONEOS_DEPLOYMENT_TARGET = 8.0;
				LD_RUNPATH_SEARCH_PATHS = "$(inherited) @executable_path/Frameworks";
				PRODUCT_BUNDLE_IDENTIFIER = com.thoughtworks.MindIt.iphone;
				PRODUCT_NAME = "$(TARGET_NAME)";
				PROVISIONING_PROFILE = "";
			};
			name = Debug;
		};
		415BBA551C69EA770014F6FC /* Release */ = {
			isa = XCBuildConfiguration;
			baseConfigurationReference = 7CC88581C3DFDD755438F9DC /* Pods-MindIt.release.xcconfig */;
			buildSettings = {
				ASSETCATALOG_COMPILER_APPICON_NAME = AppIcon;
				CODE_SIGN_IDENTITY = "iPhone Distribution: ThoughtWorks Ltd (9HK4QP6364)";
				"CODE_SIGN_IDENTITY[sdk=iphoneos*]" = "iPhone Distribution: ThoughtWorks Ltd (9HK4QP6364)";
				ENABLE_TESTABILITY = NO;
				INFOPLIST_FILE = MindIt/Info.plist;
				IPHONEOS_DEPLOYMENT_TARGET = 8.0;
				LD_RUNPATH_SEARCH_PATHS = "$(inherited) @executable_path/Frameworks";
				PRODUCT_BUNDLE_IDENTIFIER = com.thoughtworks.MindIt.iphone;
				PRODUCT_NAME = "$(TARGET_NAME)";
				PROVISIONING_PROFILE = "";
			};
			name = Release;
		};
		415BBA571C69EA770014F6FC /* Debug */ = {
			isa = XCBuildConfiguration;
			buildSettings = {
				BUNDLE_LOADER = "$(TEST_HOST)";
				INFOPLIST_FILE = MindItTests/Info.plist;
				LD_RUNPATH_SEARCH_PATHS = "$(inherited) @executable_path/Frameworks @loader_path/Frameworks";
				PRODUCT_BUNDLE_IDENTIFIER = com.thoughtworks.MindItTests;
				PRODUCT_NAME = "$(TARGET_NAME)";
				TEST_HOST = "$(BUILT_PRODUCTS_DIR)/MindIt.app/MindIt";
			};
			name = Debug;
		};
		415BBA581C69EA770014F6FC /* Release */ = {
			isa = XCBuildConfiguration;
			buildSettings = {
				BUNDLE_LOADER = "$(TEST_HOST)";
				INFOPLIST_FILE = MindItTests/Info.plist;
				LD_RUNPATH_SEARCH_PATHS = "$(inherited) @executable_path/Frameworks @loader_path/Frameworks";
				PRODUCT_BUNDLE_IDENTIFIER = com.thoughtworks.MindItTests;
				PRODUCT_NAME = "$(TARGET_NAME)";
				TEST_HOST = "$(BUILT_PRODUCTS_DIR)/MindIt.app/MindIt";
			};
			name = Release;
		};
		415BBA5A1C69EA770014F6FC /* Debug */ = {
			isa = XCBuildConfiguration;
			buildSettings = {
				INFOPLIST_FILE = MindItUITests/Info.plist;
				LD_RUNPATH_SEARCH_PATHS = "$(inherited) @executable_path/Frameworks @loader_path/Frameworks";
				PRODUCT_BUNDLE_IDENTIFIER = com.thoughtworks.MindItUITests;
				PRODUCT_NAME = "$(TARGET_NAME)";
				TEST_TARGET_NAME = MindIt;
				USES_XCTRUNNER = YES;
			};
			name = Debug;
		};
		415BBA5B1C69EA770014F6FC /* Release */ = {
			isa = XCBuildConfiguration;
			buildSettings = {
				INFOPLIST_FILE = MindItUITests/Info.plist;
				LD_RUNPATH_SEARCH_PATHS = "$(inherited) @executable_path/Frameworks @loader_path/Frameworks";
				PRODUCT_BUNDLE_IDENTIFIER = com.thoughtworks.MindItUITests;
				PRODUCT_NAME = "$(TARGET_NAME)";
				TEST_TARGET_NAME = MindIt;
				USES_XCTRUNNER = YES;
			};
			name = Release;
		};
/* End XCBuildConfiguration section */

/* Begin XCConfigurationList section */
		415BBA261C69EA770014F6FC /* Build configuration list for PBXProject "MindIt" */ = {
			isa = XCConfigurationList;
			buildConfigurations = (
				415BBA511C69EA770014F6FC /* Debug */,
				415BBA521C69EA770014F6FC /* Release */,
			);
			defaultConfigurationIsVisible = 0;
			defaultConfigurationName = Release;
		};
		415BBA531C69EA770014F6FC /* Build configuration list for PBXNativeTarget "MindIt" */ = {
			isa = XCConfigurationList;
			buildConfigurations = (
				415BBA541C69EA770014F6FC /* Debug */,
				415BBA551C69EA770014F6FC /* Release */,
			);
			defaultConfigurationIsVisible = 0;
			defaultConfigurationName = Release;
		};
		415BBA561C69EA770014F6FC /* Build configuration list for PBXNativeTarget "MindItTests" */ = {
			isa = XCConfigurationList;
			buildConfigurations = (
				415BBA571C69EA770014F6FC /* Debug */,
				415BBA581C69EA770014F6FC /* Release */,
			);
			defaultConfigurationIsVisible = 0;
			defaultConfigurationName = Release;
		};
		415BBA591C69EA770014F6FC /* Build configuration list for PBXNativeTarget "MindItUITests" */ = {
			isa = XCConfigurationList;
			buildConfigurations = (
				415BBA5A1C69EA770014F6FC /* Debug */,
				415BBA5B1C69EA770014F6FC /* Release */,
			);
			defaultConfigurationIsVisible = 0;
			defaultConfigurationName = Release;
		};
/* End XCConfigurationList section */
	};
	rootObject = 415BBA231C69EA770014F6FC /* Project object */;
}
